
Microsoft Visual Studio Solution File, Format Version 12.00
# Visual Studio Version 17
VisualStudioVersion = 17.4.33205.214
MinimumVisualStudioVersion = 10.0.40219.1
Project("{9A19103F-16F7-4668-BE54-9A1E7A4F7556}") = "Payroll", "src\Payroll.csproj", "{CA4D7689-5F6C-4C4B-BA9B-209671A31AA9}"
EndProject
Global
	GlobalSection(SolutionConfigurationPlatforms) = preSolution
		Debug|Any CPU = Debug|Any CPU
		Release|Any CPU = Release|Any CPU
	EndGlobalSection
	GlobalSection(ProjectConfigurationPlatforms) = postSolution
		{CA4D7689-5F6C-4C4B-BA9B-209671A31AA9}.Debug|Any CPU.ActiveCfg = Debug|Any CPU
		{CA4D7689-5F6C-4C4B-BA9B-209671A31AA9}.Debug|Any CPU.Build.0 = Debug|Any CPU
		{CA4D7689-5F6C-4C4B-BA9B-209671A31AA9}.Release|Any CPU.ActiveCfg = Release|Any CPU
		{CA4D7689-5F6C-4C4B-BA9B-209671A31AA9}.Release|Any CPU.Build.0 = Release|Any CPU
	EndGlobalSection
	GlobalSection(SolutionProperties) = preSolution
		HideSolutionNode = FALSE
	EndGlobalSection
	GlobalSection(ExtensibilityGlobals) = postSolution
		SolutionGuid = {F61EF3BD-03F4-42EE-BB60-8D4D31F1F7C7}
	EndGlobalSection
EndGlobal
